Microsoft Visual Studio Solution File, Format Version 12.00
# Visual Studio Version 17
VisualStudioVersion = 17.0.31903.59
MinimumVisualStudioVersion = 10.0.40219.1
Project("{FAE04EC0-301F-11D3-BF4B-00C04F79EFBC}") = "Tetris", "Tetris.csproj", "{DEADBEEF-0000-0000-0000-000000000000}"
EndProject
Global
	GlobalSection(SolutionConfigurationPlatforms) = preSolution
		Debug|Any CPU = Debug|Any CPU
		ExportDebug|Any CPU = ExportDebug|Any CPU
		ExportRelease|Any CPU = ExportRelease|Any CPU
	EndGlobalSection
	GlobalSection(ProjectConfigurationPlatforms) = postSolution
		{DEADBEEF-0000-0000-0000-000000000000}.Debug|Any CPU.ActiveCfg = Debug|Any CPU
		{DEADBEEF-0000-0000-0000-000000000000}.Debug|Any CPU.Build.0 = Debug|Any CPU
		{DEADBEEF-0000-0000-0000-000000000000}.ExportDebug|Any CPU.ActiveCfg = ExportDebug|Any CPU
		{DEADBEEF-0000-0000-0000-000000000000}.ExportDebug|Any CPU.Build.0 = ExportDebug|Any CPU
		{DEADBEEF-0000-0000-0000-000000000000}.ExportRelease|Any CPU.ActiveCfg = ExportRelease|Any CPU
		{DEADBEEF-0000-0000-0000-000000000000}.ExportRelease|Any CPU.Build.0 = ExportRelease|Any CPU
	EndGlobalSection
EndGlobal
